
Microsoft Visual Studio Solution File, Format Version 12.00
# Visual Studio 15
VisualStudioVersion = 15.0.28307.1300
MinimumVisualStudioVersion = 10.0.40219.1
Project("{9A19103F-16F7-4668-BE54-9A1E7A4F7556}") = "Project.Core", "Project.Core\Project.Core.csproj", "{B69CE205-3259-4308-8BA4-FEDD8E6342F2}"
EndProject
Project("{9A19103F-16F7-4668-BE54-9A1E7A4F7556}") = "Project.Data", "Project.Data\Project.Data.csproj", "{A94BF5E3-BCC7-4514-88AF-7458AFF876B3}"
EndProject
Project("{9A19103F-16F7-4668-BE54-9A1E7A4F7556}") = "Project.Business", "Project.Business\Project.Business.csproj", "{54F82D1D-9C28-43C8-9126-7B2EF5264F45}"
EndProject
Project("{9A19103F-16F7-4668-BE54-9A1E7A4F7556}") = "Project.CartAPI", "Project.CartAPI\Project.CartAPI.csproj", "{DCCB5DE8-15D3-47C3-97E9-DE873A4F123E}"
EndProject
Global
	GlobalSection(SolutionConfigurationPlatforms) = preSolution
		Debug|Any CPU = Debug|Any CPU
		Release|Any CPU = Release|Any CPU
	EndGlobalSection
	GlobalSection(ProjectConfigurationPlatforms) = postSolution
		{B69CE205-3259-4308-8BA4-FEDD8E6342F2}.Debug|Any CPU.ActiveCfg = Debug|Any CPU
		{B69CE205-3259-4308-8BA4-FEDD8E6342F2}.Debug|Any CPU.Build.0 = Debug|Any CPU
		{B69CE205-3259-4308-8BA4-FEDD8E6342F2}.Release|Any CPU.ActiveCfg = Release|Any CPU
		{B69CE205-3259-4308-8BA4-FEDD8E6342F2}.Release|Any CPU.Build.0 = Release|Any CPU
		{A94BF5E3-BCC7-4514-88AF-7458AFF876B3}.Debug|Any CPU.ActiveCfg = Debug|Any CPU
		{A94BF5E3-BCC7-4514-88AF-7458AFF876B3}.Debug|Any CPU.Build.0 = Debug|Any CPU
		{A94BF5E3-BCC7-4514-88AF-7458AFF876B3}.Release|Any CPU.ActiveCfg = Release|Any CPU
		{A94BF5E3-BCC7-4514-88AF-7458AFF876B3}.Release|Any CPU.Build.0 = Release|Any CPU
		{54F82D1D-9C28-43C8-9126-7B2EF5264F45}.Debug|Any CPU.ActiveCfg = Debug|Any CPU
		{54F82D1D-9C28-43C8-9126-7B2EF5264F45}.Debug|Any CPU.Build.0 = Debug|Any CPU
		{54F82D1D-9C28-43C8-9126-7B2EF5264F45}.Release|Any CPU.ActiveCfg = Release|Any CPU
		{54F82D1D-9C28-43C8-9126-7B2EF5264F45}.Release|Any CPU.Build.0 = Release|Any CPU
		{DCCB5DE8-15D3-47C3-97E9-DE873A4F123E}.Debug|Any CPU.ActiveCfg = Debug|Any CPU
		{DCCB5DE8-15D3-47C3-97E9-DE873A4F123E}.Debug|Any CPU.Build.0 = Debug|Any CPU
		{DCCB5DE8-15D3-47C3-97E9-DE873A4F123E}.Release|Any CPU.ActiveCfg = Release|Any CPU
		{DCCB5DE8-15D3-47C3-97E9-DE873A4F123E}.Release|Any CPU.Build.0 = Release|Any CPU
	EndGlobalSection
	GlobalSection(SolutionProperties) = preSolution
		HideSolutionNode = FALSE
	EndGlobalSection
	GlobalSection(ExtensibilityGlobals) = postSolution
		SolutionGuid = {71537D46-B2EC-4027-BA3A-0DF16A241590}
	EndGlobalSection
EndGlobal
